// !$*UTF8*$!
{
	archiveVersion = 1;
	classes = {
	};
	objectVersion = 50;
	objects = {

/* Begin PBXBuildFile section */
		CE8C7B8C246CA93F00012C29 /* RingView.swift in Sources */ = {isa = PBXBuildFile; fileRef = CE8C7B8B246CA93F00012C29 /* RingView.swift */; };
		CEA1F8752466908200A52DB8 /* TabBar.swift in Sources */ = {isa = PBXBuildFile; fileRef = CEA1F8742466908200A52DB8 /* TabBar.swift */; };
		CEDFAFF5245F6EFD00E51BA4 /* AppDelegate.swift in Sources */ = {isa = PBXBuildFile; fileRef = CEDFAFF4245F6EFD00E51BA4 /* AppDelegate.swift */; };
		CEDFAFF7245F6EFD00E51BA4 /* SceneDelegate.swift in Sources */ = {isa = PBXBuildFile; fileRef = CEDFAFF6245F6EFD00E51BA4 /* SceneDelegate.swift */; };
		CEDFAFF9245F6EFD00E51BA4 /* ContentView.swift in Sources */ = {isa = PBXBuildFile; fileRef = CEDFAFF8245F6EFD00E51BA4 /* ContentView.swift */; };
		CEDFAFFB245F6F0100E51BA4 /* Assets.xcassets in Resources */ = {isa = PBXBuildFile; fileRef = CEDFAFFA245F6F0100E51BA4 /* Assets.xcassets */; };
		CEDFAFFE245F6F0100E51BA4 /* Preview Assets.xcassets in Resources */ = {isa = PBXBuildFile; fileRef = CEDFAFFD245F6F0100E51BA4 /* Preview Assets.xcassets */; };
		CEDFB001245F6F0100E51BA4 /* LaunchScreen.storyboard in Resources */ = {isa = PBXBuildFile; fileRef = CEDFAFFF245F6F0100E51BA4 /* LaunchScreen.storyboard */; };
		CEDFB00C245F6F0100E51BA4 /* DesignCodeTests.swift in Sources */ = {isa = PBXBuildFile; fileRef = CEDFB00B245F6F0100E51BA4 /* DesignCodeTests.swift */; };
		CEDFB017245F6F0100E51BA4 /* DesignCodeUITests.swift in Sources */ = {isa = PBXBuildFile; fileRef = CEDFB016245F6F0100E51BA4 /* DesignCodeUITests.swift */; };
		CEDFB0252462D59600E51BA4 /* MenuView.swift in Sources */ = {isa = PBXBuildFile; fileRef = CEDFB0242462D59600E51BA4 /* MenuView.swift */; };
		CEDFB0272464964300E51BA4 /* Home.swift in Sources */ = {isa = PBXBuildFile; fileRef = CEDFB0262464964300E51BA4 /* Home.swift */; };
		CEDFB02924653F7D00E51BA4 /* HomeView.swift in Sources */ = {isa = PBXBuildFile; fileRef = CEDFB02824653F7D00E51BA4 /* HomeView.swift */; };
		CEDFB02B24657DB500E51BA4 /* UpdateList.swift in Sources */ = {isa = PBXBuildFile; fileRef = CEDFB02A24657DB500E51BA4 /* UpdateList.swift */; };
		CEDFB02D24662A7A00E51BA4 /* UpdateDetailView.swift in Sources */ = {isa = PBXBuildFile; fileRef = CEDFB02C24662A7A00E51BA4 /* UpdateDetailView.swift */; };
		CEDFB02F24662F6400E51BA4 /* UpdateStore.swift in Sources */ = {isa = PBXBuildFile; fileRef = CEDFB02E24662F6400E51BA4 /* UpdateStore.swift */; };
/* End PBXBuildFile section */

/* Begin PBXContainerItemProxy section */
		CEDFB008245F6F0100E51BA4 /* PBXContainerItemProxy */ = {
			isa = PBXContainerItemProxy;
			containerPortal = CEDFAFE9245F6EFD00E51BA4 /* Project object */;
			proxyType = 1;
			remoteGlobalIDString = CEDFAFF0245F6EFD00E51BA4;
			remoteInfo = DesignCode;
		};
		CEDFB013245F6F0100E51BA4 /* PBXContainerItemProxy */ = {
			isa = PBXContainerItemProxy;
			containerPortal = CEDFAFE9245F6EFD00E51BA4 /* Project object */;
			proxyType = 1;
			remoteGlobalIDString = CEDFAFF0245F6EFD00E51BA4;
			remoteInfo = DesignCode;
		};
/* End PBXContainerItemProxy section */

/* Begin PBXFileReference section */
		CE8C7B8B246CA93F00012C29 /* RingView.swift */ = {isa = PBXFileReference; lastKnownFileType = sourcecode.swift; path = RingView.swift; sourceTree = "<group>"; };
		CEA1F8742466908200A52DB8 /* TabBar.swift */ = {isa = PBXFileReference; lastKnownFileType = sourcecode.swift; path = TabBar.swift; sourceTree = "<group>"; };
		CEDFAFF1245F6EFD00E51BA4 /* DesignCode.app */ = {isa = PBXFileReference; explicitFileType = wrapper.application; includeInIndex = 0; path = DesignCode.app; sourceTree = BUILT_PRODUCTS_DIR; };
		CEDFAFF4245F6EFD00E51BA4 /* AppDelegate.swift */ = {isa = PBXFileReference; lastKnownFileType = sourcecode.swift; path = AppDelegate.swift; sourceTree = "<group>"; };
		CEDFAFF6245F6EFD00E51BA4 /* SceneDelegate.swift */ = {isa = PBXFileReference; lastKnownFileType = sourcecode.swift; path = SceneDelegate.swift; sourceTree = "<group>"; };
		CEDFAFF8245F6EFD00E51BA4 /* ContentView.swift */ = {isa = PBXFileReference; lastKnownFileType = sourcecode.swift; path = ContentView.swift; sourceTree = "<group>"; };
		CEDFAFFA245F6F0100E51BA4 /* Assets.xcassets */ = {isa = PBXFileReference; lastKnownFileType = folder.assetcatalog; path = Assets.xcassets; sourceTree = "<group>"; };
		CEDFAFFD245F6F0100E51BA4 /* Preview Assets.xcassets */ = {isa = PBXFileReference; lastKnownFileType = folder.assetcatalog; path = "Preview Assets.xcassets"; sourceTree = "<group>"; };
		CEDFB000245F6F0100E51BA4 /* Base */ = {isa = PBXFileReference; lastKnownFileType = file.storyboard; name = Base; path = Base.lproj/LaunchScreen.storyboard; sourceTree = "<group>"; };
		CEDFB002245F6F0100E51BA4 /* Info.plist */ = {isa = PBXFileReference; lastKnownFileType = text.plist.xml; path = Info.plist; sourceTree = "<group>"; };
		CEDFB007245F6F0100E51BA4 /* DesignCodeTests.xctest */ = {isa = PBXFileReference; explicitFileType = wrapper.cfbundle; includeInIndex = 0; path = DesignCodeTests.xctest; sourceTree = BUILT_PRODUCTS_DIR; };
		CEDFB00B245F6F0100E51BA4 /* DesignCodeTests.swift */ = {isa = PBXFileReference; lastKnownFileType = sourcecode.swift; path = DesignCodeTests.swift; sourceTree = "<group>"; };
		CEDFB00D245F6F0100E51BA4 /* Info.plist */ = {isa = PBXFileReference; lastKnownFileType = text.plist.xml; path = Info.plist; sourceTree = "<group>"; };
		CEDFB012245F6F0100E51BA4 /* DesignCodeUITests.xctest */ = {isa = PBXFileReference; explicitFileType = wrapper.cfbundle; includeInIndex = 0; path = DesignCodeUITests.xctest; sourceTree = BUILT_PRODUCTS_DIR; };
		CEDFB016245F6F0100E51BA4 /* DesignCodeUITests.swift */ = {isa = PBXFileReference; lastKnownFileType = sourcecode.swift; path = DesignCodeUITests.swift; sourceTree = "<group>"; };
		CEDFB018245F6F0100E51BA4 /* Info.plist */ = {isa = PBXFileReference; lastKnownFileType = text.plist.xml; path = Info.plist; sourceTree = "<group>"; };
		CEDFB0242462D59600E51BA4 /* MenuView.swift */ = {isa = PBXFileReference; lastKnownFileType = sourcecode.swift; path = MenuView.swift; sourceTree = "<group>"; };
		CEDFB0262464964300E51BA4 /* Home.swift */ = {isa = PBXFileReference; lastKnownFileType = sourcecode.swift; path = Home.swift; sourceTree = "<group>"; };
		CEDFB02824653F7D00E51BA4 /* HomeView.swift */ = {isa = PBXFileReference; lastKnownFileType = sourcecode.swift; path = HomeView.swift; sourceTree = "<group>"; };
		CEDFB02A24657DB500E51BA4 /* UpdateList.swift */ = {isa = PBXFileReference; lastKnownFileType = sourcecode.swift; path = UpdateList.swift; sourceTree = "<group>"; };
		CEDFB02C24662A7A00E51BA4 /* UpdateDetailView.swift */ = {isa = PBXFileReference; lastKnownFileType = sourcecode.swift; path = UpdateDetailView.swift; sourceTree = "<group>"; };
		CEDFB02E24662F6400E51BA4 /* UpdateStore.swift */ = {isa = PBXFileReference; lastKnownFileType = sourcecode.swift; path = UpdateStore.swift; sourceTree = "<group>"; };
/* End PBXFileReference section */

/* Begin PBXFrameworksBuildPhase section */
		CEDFAFEE245F6EFD00E51BA4 /* Frameworks */ = {
			isa = PBXFrameworksBuildPhase;
			buildActionMask = 2147483647;
			files = (
			);
			runOnlyForDeploymentPostprocessing = 0;
		};
		CEDFB004245F6F0100E51BA4 /* Frameworks */ = {
			isa = PBXFrameworksBuildPhase;
			buildActionMask = 2147483647;
			files = (
			);
			runOnlyForDeploymentPostprocessing = 0;
		};
		CEDFB00F245F6F0100E51BA4 /* Frameworks */ = {
			isa = PBXFrameworksBuildPhase;
			buildActionMask = 2147483647;
			files = (
			);
			runOnlyForDeploymentPostprocessing = 0;
		};
/* End PBXFrameworksBuildPhase section */

/* Begin PBXGroup section */
		CEDFAFE8245F6EFD00E51BA4 = {
			isa = PBXGroup;
			children = (
				CEDFAFF3245F6EFD00E51BA4 /* DesignCode */,
				CEDFB00A245F6F0100E51BA4 /* DesignCodeTests */,
				CEDFB015245F6F0100E51BA4 /* DesignCodeUITests */,
				CEDFAFF2245F6EFD00E51BA4 /* Products */,
			);
			sourceTree = "<group>";
		};
		CEDFAFF2245F6EFD00E51BA4 /* Products */ = {
			isa = PBXGroup;
			children = (
				CEDFAFF1245F6EFD00E51BA4 /* DesignCode.app */,
				CEDFB007245F6F0100E51BA4 /* DesignCodeTests.xctest */,
				CEDFB012245F6F0100E51BA4 /* DesignCodeUITests.xctest */,
			);
			name = Products;
			sourceTree = "<group>";
		};
		CEDFAFF3245F6EFD00E51BA4 /* DesignCode */ = {
			isa = PBXGroup;
			children = (
				CEDFAFF4245F6EFD00E51BA4 /* AppDelegate.swift */,
				CEDFAFF6245F6EFD00E51BA4 /* SceneDelegate.swift */,
				CEDFAFF8245F6EFD00E51BA4 /* ContentView.swift */,
				CE8C7B8B246CA93F00012C29 /* RingView.swift */,
				CEDFB0242462D59600E51BA4 /* MenuView.swift */,
				CEDFAFFA245F6F0100E51BA4 /* Assets.xcassets */,
				CEDFAFFF245F6F0100E51BA4 /* LaunchScreen.storyboard */,
				CEDFB002245F6F0100E51BA4 /* Info.plist */,
				CEDFAFFC245F6F0100E51BA4 /* Preview Content */,
				CEDFB0262464964300E51BA4 /* Home.swift */,
				CEDFB02824653F7D00E51BA4 /* HomeView.swift */,
				CEDFB02A24657DB500E51BA4 /* UpdateList.swift */,
				CEDFB02C24662A7A00E51BA4 /* UpdateDetailView.swift */,
				CEDFB02E24662F6400E51BA4 /* UpdateStore.swift */,
				CEA1F8742466908200A52DB8 /* TabBar.swift */,
			);
			path = DesignCode;
			sourceTree = "<group>";
		};
		CEDFAFFC245F6F0100E51BA4 /* Preview Content */ = {
			isa = PBXGroup;
			children = (
				CEDFAFFD245F6F0100E51BA4 /* Preview Assets.xcassets */,
			);
			path = "Preview Content";
			sourceTree = "<group>";
		};
		CEDFB00A245F6F0100E51BA4 /* DesignCodeTests */ = {
			isa = PBXGroup;
			children = (
				CEDFB00B245F6F0100E51BA4 /* DesignCodeTests.swift */,
				CEDFB00D245F6F0100E51BA4 /* Info.plist */,
			);
			path = DesignCodeTests;
			sourceTree = "<group>";
		};
		CEDFB015245F6F0100E51BA4 /* DesignCodeUITests */ = {
			isa = PBXGroup;
			children = (
				CEDFB016245F6F0100E51BA4 /* DesignCodeUITests.swift */,
				CEDFB018245F6F0100E51BA4 /* Info.plist */,
			);
			path = DesignCodeUITests;
			sourceTree = "<group>";
		};
/* End PBXGroup section */

/* Begin PBXNativeTarget section */
		CEDFAFF0245F6EFD00E51BA4 /* DesignCode */ = {
			isa = PBXNativeTarget;
			buildConfigurationList = CEDFB01B245F6F0100E51BA4 /* Build configuration list for PBXNativeTarget "DesignCode" */;
			buildPhases = (
				CEDFAFED245F6EFD00E51BA4 /* Sources */,
				CEDFAFEE245F6EFD00E51BA4 /* Frameworks */,
				CEDFAFEF245F6EFD00E51BA4 /* Resources */,
			);
			buildRules = (
			);
			dependencies = (
			);
			name = DesignCode;
			productName = DesignCode;
			productReference = CEDFAFF1245F6EFD00E51BA4 /* DesignCode.app */;
			productType = "com.apple.product-type.application";
		};
		CEDFB006245F6F0100E51BA4 /* DesignCodeTests */ = {
			isa = PBXNativeTarget;
			buildConfigurationList = CEDFB01E245F6F0100E51BA4 /* Build configuration list for PBXNativeTarget "DesignCodeTests" */;
			buildPhases = (
				CEDFB003245F6F0100E51BA4 /* Sources */,
				CEDFB004245F6F0100E51BA4 /* Frameworks */,
				CEDFB005245F6F0100E51BA4 /* Resources */,
			);
			buildRules = (
			);
			dependencies = (
				CEDFB009245F6F0100E51BA4 /* PBXTargetDependency */,
			);
			name = DesignCodeTests;
			productName = DesignCodeTests;
			productReference = CEDFB007245F6F0100E51BA4 /* DesignCodeTests.xctest */;
			productType = "com.apple.product-type.bundle.unit-test";
		};
		CEDFB011245F6F0100E51BA4 /* DesignCodeUITests */ = {
			isa = PBXNativeTarget;
			buildConfigurationList = CEDFB021245F6F0100E51BA4 /* Build configuration list for PBXNativeTarget "DesignCodeUITests" */;
			buildPhases = (
				CEDFB00E245F6F0100E51BA4 /* Sources */,
				CEDFB00F245F6F0100E51BA4 /* Frameworks */,
				CEDFB010245F6F0100E51BA4 /* Resources */,
			);
			buildRules = (
			);
			dependencies = (
				CEDFB014245F6F0100E51BA4 /* PBXTargetDependency */,
			);
			name = DesignCodeUITests;
			productName = DesignCodeUITests;
			productReference = CEDFB012245F6F0100E51BA4 /* DesignCodeUITests.xctest */;
			productType = "com.apple.product-type.bundle.ui-testing";
		};
/* End PBXNativeTarget section */

/* Begin PBXProject section */
		CEDFAFE9245F6EFD00E51BA4 /* Project object */ = {
			isa = PBXProject;
			attributes = {
				LastSwiftUpdateCheck = 1130;
				LastUpgradeCheck = 1130;
				ORGANIZATIONNAME = martins;
				TargetAttributes = {
					CEDFAFF0245F6EFD00E51BA4 = {
						CreatedOnToolsVersion = 11.3.1;
					};
					CEDFB006245F6F0100E51BA4 = {
						CreatedOnToolsVersion = 11.3.1;
						TestTargetID = CEDFAFF0245F6EFD00E51BA4;
					};
					CEDFB011245F6F0100E51BA4 = {
						CreatedOnToolsVersion = 11.3.1;
						TestTargetID = CEDFAFF0245F6EFD00E51BA4;
					};
				};
			};
			buildConfigurationList = CEDFAFEC245F6EFD00E51BA4 /* Build configuration list for PBXProject "DesignCode" */;
			compatibilityVersion = "Xcode 9.3";
			developmentRegion = en;
			hasScannedForEncodings = 0;
			knownRegions = (
				en,
				Base,
			);
			mainGroup = CEDFAFE8245F6EFD00E51BA4;
			productRefGroup = CEDFAFF2245F6EFD00E51BA4 /* Products */;
			projectDirPath = "";
			projectRoot = "";
			targets = (
				CEDFAFF0245F6EFD00E51BA4 /* DesignCode */,
				CEDFB006245F6F0100E51BA4 /* DesignCodeTests */,
				CEDFB011245F6F0100E51BA4 /* DesignCodeUITests */,
			);
		};
/* End PBXProject section */

/* Begin PBXResourcesBuildPhase section */
		CEDFAFEF245F6EFD00E51BA4 /* Resources */ = {
			isa = PBXResourcesBuildPhase;
			buildActionMask = 2147483647;
			files = (
				CEDFB001245F6F0100E51BA4 /* LaunchScreen.storyboard in Resources */,
				CEDFAFFE245F6F0100E51BA4 /* Preview Assets.xcassets in Resources */,
				CEDFAFFB245F6F0100E51BA4 /* Assets.xcassets in Resources */,
			);
			runOnlyForDeploymentPostprocessing = 0;
		};
		CEDFB005245F6F0100E51BA4 /* Resources */ = {
			isa = PBXResourcesBuildPhase;
			buildActionMask = 2147483647;
			files = (
			);
			runOnlyForDeploymentPostprocessing = 0;
		};
		CEDFB010245F6F0100E51BA4 /* Resources */ = {
			isa = PBXResourcesBuildPhase;
			buildActionMask = 2147483647;
			files = (
			);
			runOnlyForDeploymentPostprocessing = 0;
		};
/* End PBXResourcesBuildPhase section */

/* Begin PBXSourcesBuildPhase section */
		CEDFAFED245F6EFD00E51BA4 /* Sources */ = {
			isa = PBXSourcesBuildPhase;
			buildActionMask = 2147483647;
			files = (
				CEDFAFF5245F6EFD00E51BA4 /* AppDelegate.swift in Sources */,
				CEDFB02F24662F6400E51BA4 /* UpdateStore.swift in Sources */,
				CEDFB02B24657DB500E51BA4 /* UpdateList.swift in Sources */,
				CEDFB02D24662A7A00E51BA4 /* UpdateDetailView.swift in Sources */,
				CEDFB0252462D59600E51BA4 /* MenuView.swift in Sources */,
				CE8C7B8C246CA93F00012C29 /* RingView.swift in Sources */,
				CEDFAFF7245F6EFD00E51BA4 /* SceneDelegate.swift in Sources */,
				CEDFB02924653F7D00E51BA4 /* HomeView.swift in Sources */,
				CEDFB0272464964300E51BA4 /* Home.swift in Sources */,
				CEDFAFF9245F6EFD00E51BA4 /* ContentView.swift in Sources */,
				CEA1F8752466908200A52DB8 /* TabBar.swift in Sources */,
			);
			runOnlyForDeploymentPostprocessing = 0;
		};
		CEDFB003245F6F0100E51BA4 /* Sources */ = {
			isa = PBXSourcesBuildPhase;
			buildActionMask = 2147483647;
			files = (
				CEDFB00C245F6F0100E51BA4 /* DesignCodeTests.swift in Sources */,
			);
			runOnlyForDeploymentPostprocessing = 0;
		};
		CEDFB00E245F6F0100E51BA4 /* Sources */ = {
			isa = PBXSourcesBuildPhase;
			buildActionMask = 2147483647;
			files = (
				CEDFB017245F6F0100E51BA4 /* DesignCodeUITests.swift in Sources */,
			);
			runOnlyForDeploymentPostprocessing = 0;
		};
/* End PBXSourcesBuildPhase section */

/* Begin PBXTargetDependency section */
		CEDFB009245F6F0100E51BA4 /* PBXTargetDependency */ = {
			isa = PBXTargetDependency;
			target = CEDFAFF0245F6EFD00E51BA4 /* DesignCode */;
			targetProxy = CEDFB008245F6F0100E51BA4 /* PBXContainerItemProxy */;
		};
		CEDFB014245F6F0100E51BA4 /* PBXTargetDependency */ = {
			isa = PBXTargetDependency;
			target = CEDFAFF0245F6EFD00E51BA4 /* DesignCode */;
			targetProxy = CEDFB013245F6F0100E51BA4 /* PBXContainerItemProxy */;
		};
/* End PBXTargetDependency section */

/* Begin PBXVariantGroup section */
		CEDFAFFF245F6F0100E51BA4 /* LaunchScreen.storyboard */ = {
			isa = PBXVariantGroup;
			children = (
				CEDFB000245F6F0100E51BA4 /* Base */,
			);
			name = LaunchScreen.storyboard;
			sourceTree = "<group>";
		};
/* End PBXVariantGroup section */

/* Begin XCBuildConfiguration section */
		CEDFB019245F6F0100E51BA4 /* Debug */ = {
			isa = XCBuildConfiguration;
			buildSettings = {
				ALWAYS_SEARCH_USER_PATHS = NO;
				CLANG_ANALYZER_NONNULL = YES;
				CLANG_ANALYZER_NUMBER_OBJECT_CONVERSION = YES_AGGRESSIVE;
				CLANG_CXX_LANGUAGE_STANDARD = "gnu++14";
				CLANG_CXX_LIBRARY = "libc++";
				CLANG_ENABLE_MODULES = YES;
				CLANG_ENABLE_OBJC_ARC = YES;
				CLANG_ENABLE_OBJC_WEAK = YES;
				CLANG_WARN_BLOCK_CAPTURE_AUTORELEASING = YES;
				CLANG_WARN_BOOL_CONVERSION = YES;
				CLANG_WARN_COMMA = YES;
				CLANG_WARN_CONSTANT_CONVERSION = YES;
				CLANG_WARN_DEPRECATED_OBJC_IMPLEMENTATIONS = YES;
				CLANG_WARN_DIRECT_OBJC_ISA_USAGE = YES_ERROR;
				CLANG_WARN_DOCUMENTATION_COMMENTS = YES;
				CLANG_WARN_EMPTY_BODY = YES;
				CLANG_WARN_ENUM_CONVERSION = YES;
				CLANG_WARN_INFINITE_RECURSION = YES;
				CLANG_WARN_INT_CONVERSION = YES;
				CLANG_WARN_NON_LITERAL_NULL_CONVERSION = YES;
				CLANG_WARN_OBJC_IMPLICIT_RETAIN_SELF = YES;
				CLANG_WARN_OBJC_LITERAL_CONVERSION = YES;
				CLANG_WARN_OBJC_ROOT_CLASS = YES_ERROR;
				CLANG_WARN_RANGE_LOOP_ANALYSIS = YES;
				CLANG_WARN_STRICT_PROTOTYPES = YES;
				CLANG_WARN_SUSPICIOUS_MOVE = YES;
				CLANG_WARN_UNGUARDED_AVAILABILITY = YES_AGGRESSIVE;
				CLANG_WARN_UNREACHABLE_CODE = YES;
				CLANG_WARN__DUPLICATE_METHOD_MATCH = YES;
				COPY_PHASE_STRIP = NO;
				DEBUG_INFORMATION_FORMAT = dwarf;
				ENABLE_STRICT_OBJC_MSGSEND = YES;
				ENABLE_TESTABILITY = YES;
				GCC_C_LANGUAGE_STANDARD = gnu11;
				GCC_DYNAMIC_NO_PIC = NO;
				GCC_NO_COMMON_BLOCKS = YES;
				GCC_OPTIMIZATION_LEVEL = 0;
				GCC_PREPROCESSOR_DEFINITIONS = (
					"DEBUG=1",
					"$(inherited)",
				);
				GCC_WARN_64_TO_32_BIT_CONVERSION = YES;
				GCC_WARN_ABOUT_RETURN_TYPE = YES_ERROR;
				GCC_WARN_UNDECLARED_SELECTOR = YES;
				GCC_WARN_UNINITIALIZED_AUTOS = YES_AGGRESSIVE;
				GCC_WARN_UNUSED_FUNCTION = YES;
				GCC_WARN_UNUSED_VARIABLE = YES;
				IPHONEOS_DEPLOYMENT_TARGET = 13.2;
				MTL_ENABLE_DEBUG_INFO = INCLUDE_SOURCE;
				MTL_FAST_MATH = YES;
				ONLY_ACTIVE_ARCH = YES;
				SDKROOT = iphoneos;
				SWIFT_ACTIVE_COMPILATION_CONDITIONS = DEBUG;
				SWIFT_OPTIMIZATION_LEVEL = "-Onone";
			};
			name = Debug;
		};
		CEDFB01A245F6F0100E51BA4 /* Release */ = {
			isa = XCBuildConfiguration;
			buildSettings = {
				ALWAYS_SEARCH_USER_PATHS = NO;
				CLANG_ANALYZER_NONNULL = YES;
				CLANG_ANALYZER_NUMBER_OBJECT_CONVERSION = YES_AGGRESSIVE;
				CLANG_CXX_LANGUAGE_STANDARD = "gnu++14";
				CLANG_CXX_LIBRARY = "libc++";
				CLANG_ENABLE_MODULES = YES;
				CLANG_ENABLE_OBJC_ARC = YES;
				CLANG_ENABLE_OBJC_WEAK = YES;
				CLANG_WARN_BLOCK_CAPTURE_AUTORELEASING = YES;
				CLANG_WARN_BOOL_CONVERSION = YES;
				CLANG_WARN_COMMA = YES;
				CLANG_WARN_CONSTANT_CONVERSION = YES;
				CLANG_WARN_DEPRECATED_OBJC_IMPLEMENTATIONS = YES;
				CLANG_WARN_DIRECT_OBJC_ISA_USAGE = YES_ERROR;
				CLANG_WARN_DOCUMENTATION_COMMENTS = YES;
				CLANG_WARN_EMPTY_BODY = YES;
				CLANG_WARN_ENUM_CONVERSION = YES;
				CLANG_WARN_INFINITE_RECURSION = YES;
				CLANG_WARN_INT_CONVERSION = YES;
				CLANG_WARN_NON_LITERAL_NULL_CONVERSION = YES;
				CLANG_WARN_OBJC_IMPLICIT_RETAIN_SELF = YES;
				CLANG_WARN_OBJC_LITERAL_CONVERSION = YES;
				CLANG_WARN_OBJC_ROOT_CLASS = YES_ERROR;
				CLANG_WARN_RANGE_LOOP_ANALYSIS = YES;
				CLANG_WARN_STRICT_PROTOTYPES = YES;
				CLANG_WARN_SUSPICIOUS_MOVE = YES;
				CLANG_WARN_UNGUARDED_AVAILABILITY = YES_AGGRESSIVE;
				CLANG_WARN_UNREACHABLE_CODE = YES;
				CLANG_WARN__DUPLICATE_METHOD_MATCH = YES;
				COPY_PHASE_STRIP = NO;
				DEBUG_INFORMATION_FORMAT = "dwarf-with-dsym";
				ENABLE_NS_ASSERTIONS = NO;
				ENABLE_STRICT_OBJC_MSGSEND = YES;
				GCC_C_LANGUAGE_STANDARD = gnu11;
				GCC_NO_COMMON_BLOCKS = YES;
				GCC_WARN_64_TO_32_BIT_CONVERSION = YES;
				GCC_WARN_ABOUT_RETURN_TYPE = YES_ERROR;
				GCC_WARN_UNDECLARED_SELECTOR = YES;
				GCC_WARN_UNINITIALIZED_AUTOS = YES_AGGRESSIVE;
				GCC_WARN_UNUSED_FUNCTION = YES;
				GCC_WARN_UNUSED_VARIABLE = YES;
				IPHONEOS_DEPLOYMENT_TARGET = 13.2;
				MTL_ENABLE_DEBUG_INFO = NO;
				MTL_FAST_MATH = YES;
				SDKROOT = iphoneos;
				SWIFT_COMPILATION_MODE = wholemodule;
				SWIFT_OPTIMIZATION_LEVEL = "-O";
				VALIDATE_PRODUCT = YES;
			};
			name = Release;
		};
		CEDFB01C245F6F0100E51BA4 /* Debug */ = {
			isa = XCBuildConfiguration;
			buildSettings = {
				ASSETCATALOG_COMPILER_APPICON_NAME = AppIcon;
				CODE_SIGN_STYLE = Automatic;
				DEVELOPMENT_ASSET_PATHS = "\"DesignCode/Preview Content\"";
				DEVELOPMENT_TEAM = JF9T5L7ML9;
				ENABLE_PREVIEWS = YES;
				INFOPLIST_FILE = DesignCode/Info.plist;
				LD_RUNPATH_SEARCH_PATHS = (
					"$(inherited)",
					"@executable_path/Frameworks",
				);
				PRODUCT_BUNDLE_IDENTIFIER = martins.DesignCode;
				PRODUCT_NAME = "$(TARGET_NAME)";
				SWIFT_VERSION = 5.0;
				TARGETED_DEVICE_FAMILY = "1,2";
			};
			name = Debug;
		};
		CEDFB01D245F6F0100E51BA4 /* Release */ = {
			isa = XCBuildConfiguration;
			buildSettings = {
				ASSETCATALOG_COMPILER_APPICON_NAME = AppIcon;
				CODE_SIGN_STYLE = Automatic;
				DEVELOPMENT_ASSET_PATHS = "\"DesignCode/Preview Content\"";
				DEVELOPMENT_TEAM = JF9T5L7ML9;
				ENABLE_PREVIEWS = YES;
				INFOPLIST_FILE = DesignCode/Info.plist;
				LD_RUNPATH_SEARCH_PATHS = (
					"$(inherited)",
					"@executable_path/Frameworks",
				);
				PRODUCT_BUNDLE_IDENTIFIER = martins.DesignCode;
				PRODUCT_NAME = "$(TARGET_NAME)";
				SWIFT_VERSION = 5.0;
				TARGETED_DEVICE_FAMILY = "1,2";
			};
			name = Release;
		};
		CEDFB01F245F6F0100E51BA4 /* Debug */ = {
			isa = XCBuildConfiguration;
			buildSettings = {
				ALWAYS_EMBED_SWIFT_STANDARD_LIBRARIES = YES;
				BUNDLE_LOADER = "$(TEST_HOST)";
				CODE_SIGN_STYLE = Automatic;
				DEVELOPMENT_TEAM = JF9T5L7ML9;
				INFOPLIST_FILE = DesignCodeTests/Info.plist;
				IPHONEOS_DEPLOYMENT_TARGET = 13.2;
				LD_RUNPATH_SEARCH_PATHS = (
					"$(inherited)",
					"@executable_path/Frameworks",
					"@loader_path/Frameworks",
				);
				PRODUCT_BUNDLE_IDENTIFIER = martins.DesignCodeTests;
				PRODUCT_NAME = "$(TARGET_NAME)";
				SWIFT_VERSION = 5.0;
				TARGETED_DEVICE_FAMILY = "1,2";
				TEST_HOST = "$(BUILT_PRODUCTS_DIR)/DesignCode.app/DesignCode";
			};
			name = Debug;
		};
		CEDFB020245F6F0100E51BA4 /* Release */ = {
			isa = XCBuildConfiguration;
			buildSettings = {
				ALWAYS_EMBED_SWIFT_STANDARD_LIBRARIES = YES;
				BUNDLE_LOADER = "$(TEST_HOST)";
				CODE_SIGN_STYLE = Automatic;
				DEVELOPMENT_TEAM = JF9T5L7ML9;
				INFOPLIST_FILE = DesignCodeTests/Info.plist;
				IPHONEOS_DEPLOYMENT_TARGET = 13.2;
				LD_RUNPATH_SEARCH_PATHS = (
					"$(inherited)",
					"@executable_path/Frameworks",
					"@loader_path/Frameworks",
				);
				PRODUCT_BUNDLE_IDENTIFIER = martins.DesignCodeTests;
				PRODUCT_NAME = "$(TARGET_NAME)";
				SWIFT_VERSION = 5.0;
				TARGETED_DEVICE_FAMILY = "1,2";
				TEST_HOST = "$(BUILT_PRODUCTS_DIR)/DesignCode.app/DesignCode";
			};
			name = Release;
		};
		CEDFB022245F6F0100E51BA4 /* Debug */ = {
			isa = XCBuildConfiguration;
			buildSettings = {
				ALWAYS_EMBED_SWIFT_STANDARD_LIBRARIES = YES;
				CODE_SIGN_STYLE = Automatic;
				DEVELOPMENT_TEAM = JF9T5L7ML9;
				INFOPLIST_FILE = DesignCodeUITests/Info.plist;
				LD_RUNPATH_SEARCH_PATHS = (
					"$(inherited)",
					"@executable_path/Frameworks",
					"@loader_path/Frameworks",
				);
				PRODUCT_BUNDLE_IDENTIFIER = martins.DesignCodeUITests;
				PRODUCT_NAME = "$(TARGET_NAME)";
				SWIFT_VERSION = 5.0;
				TARGETED_DEVICE_FAMILY = "1,2";
				TEST_TARGET_NAME = DesignCode;
			};
			name = Debug;
		};
		CEDFB023245F6F0100E51BA4 /* Release */ = {
			isa = XCBuildConfiguration;
			buildSettings = {
				ALWAYS_EMBED_SWIFT_STANDARD_LIBRARIES = YES;
				CODE_SIGN_STYLE = Automatic;
				DEVELOPMENT_TEAM = JF9T5L7ML9;
				INFOPLIST_FILE = DesignCodeUITests/Info.plist;
				LD_RUNPATH_SEARCH_PATHS = (
					"$(inherited)",
					"@executable_path/Frameworks",
					"@loader_path/Frameworks",
				);
				PRODUCT_BUNDLE_IDENTIFIER = martins.DesignCodeUITests;
				PRODUCT_NAME = "$(TARGET_NAME)";
				SWIFT_VERSION = 5.0;
				TARGETED_DEVICE_FAMILY = "1,2";
				TEST_TARGET_NAME = DesignCode;
			};
			name = Release;
		};
/* End XCBuildConfiguration section */

/* Begin XCConfigurationList section */
		CEDFAFEC245F6EFD00E51BA4 /* Build configuration list for PBXProject "DesignCode" */ = {
			isa = XCConfigurationList;
			buildConfigurations = (
				CEDFB019245F6F0100E51BA4 /* Debug */,
				CEDFB01A245F6F0100E51BA4 /* Release */,
			);
			defaultConfigurationIsVisible = 0;
			defaultConfigurationName = Release;
		};
		CEDFB01B245F6F0100E51BA4 /* Build configuration list for PBXNativeTarget "DesignCode" */ = {
			isa = XCConfigurationList;
			buildConfigurations = (
				CEDFB01C245F6F0100E51BA4 /* Debug */,
				CEDFB01D245F6F0100E51BA4 /* Release */,
			);
			defaultConfigurationIsVisible = 0;
			defaultConfigurationName = Release;
		};
		CEDFB01E245F6F0100E51BA4 /* Build configuration list for PBXNativeTarget "DesignCodeTests" */ = {
			isa = XCConfigurationList;
			buildConfigurations = (
				CEDFB01F245F6F0100E51BA4 /* Debug */,
				CEDFB020245F6F0100E51BA4 /* Release */,
			);
			defaultConfigurationIsVisible = 0;
			defaultConfigurationName = Release;
		};
		CEDFB021245F6F0100E51BA4 /* Build configuration list for PBXNativeTarget "DesignCodeUITests" */ = {
			isa = XCConfigurationList;
			buildConfigurations = (
				CEDFB022245F6F0100E51BA4 /* Debug */,
				CEDFB023245F6F0100E51BA4 /* Release */,
			);
			defaultConfigurationIsVisible = 0;
			defaultConfigurationName = Release;
		};
/* End XCConfigurationList section */
	};
	rootObject = CEDFAFE9245F6EFD00E51BA4 /* Project object */;
}
